// !$*UTF8*$!
{
	archiveVersion = 1;
	classes = {
	};
	objectVersion = 56;
	objects = {

/* Begin PBXBuildFile section */
		0FB0EC452BC1C94200AA19C3 /* PortfolioListItemView.swift in Sources */ = {isa = PBXBuildFile; fileRef = 0FB0EC442BC1C94200AA19C3 /* PortfolioListItemView.swift */; };
		0FB0EC472BC1CD3E00AA19C3 /* WatchlistListItemView.swift in Sources */ = {isa = PBXBuildFile; fileRef = 0FB0EC462BC1CD3E00AA19C3 /* WatchlistListItemView.swift */; };
		0FB0EC4A2BC1D01F00AA19C3 /* StockDetailsView.swift in Sources */ = {isa = PBXBuildFile; fileRef = 0FB0EC492BC1D01F00AA19C3 /* StockDetailsView.swift */; };
		0FEA65322BBA099500576B22 /* StockSearchApp.swift in Sources */ = {isa = PBXBuildFile; fileRef = 0FEA65312BBA099500576B22 /* StockSearchApp.swift */; };
		0FEA65342BBA099500576B22 /* HomeView.swift in Sources */ = {isa = PBXBuildFile; fileRef = 0FEA65332BBA099500576B22 /* HomeView.swift */; };
		0FEA65362BBA099700576B22 /* Assets.xcassets in Resources */ = {isa = PBXBuildFile; fileRef = 0FEA65352BBA099700576B22 /* Assets.xcassets */; };
		0FEA65392BBA099700576B22 /* Preview Assets.xcassets in Resources */ = {isa = PBXBuildFile; fileRef = 0FEA65382BBA099700576B22 /* Preview Assets.xcassets */; };
		0FEA65432BBA099700576B22 /* StockSearchTests.swift in Sources */ = {isa = PBXBuildFile; fileRef = 0FEA65422BBA099700576B22 /* StockSearchTests.swift */; };
		0FEA654D2BBA099700576B22 /* StockSearchUITests.swift in Sources */ = {isa = PBXBuildFile; fileRef = 0FEA654C2BBA099700576B22 /* StockSearchUITests.swift */; };
		0FEA654F2BBA099700576B22 /* StockSearchUITestsLaunchTests.swift in Sources */ = {isa = PBXBuildFile; fileRef = 0FEA654E2BBA099700576B22 /* StockSearchUITestsLaunchTests.swift */; };
		0FF8C3AB2BBA1430008480B7 /* Stock.swift in Sources */ = {isa = PBXBuildFile; fileRef = 0FF8C3AA2BBA1430008480B7 /* Stock.swift */; };
		0FF8C3AD2BBA18BF008480B7 /* StockViewModel.swift in Sources */ = {isa = PBXBuildFile; fileRef = 0FF8C3AC2BBA18BF008480B7 /* StockViewModel.swift */; };
		0FF8C3AF2BBA2E48008480B7 /* Watchlist.swift in Sources */ = {isa = PBXBuildFile; fileRef = 0FF8C3AE2BBA2E48008480B7 /* Watchlist.swift */; };
		0FF8C3B12BBA2FF0008480B7 /* Portfolio.swift in Sources */ = {isa = PBXBuildFile; fileRef = 0FF8C3B02BBA2FF0008480B7 /* Portfolio.swift */; };
		0FF8C3B32BBA9AED008480B7 /* WatchlistViewModel.swift in Sources */ = {isa = PBXBuildFile; fileRef = 0FF8C3B22BBA9AED008480B7 /* WatchlistViewModel.swift */; };
		0FF8C3B52BBA9B00008480B7 /* PortfolioViewModel.swift in Sources */ = {isa = PBXBuildFile; fileRef = 0FF8C3B42BBA9B00008480B7 /* PortfolioViewModel.swift */; };
		0FFC81FB2BC130C700783BCD /* PortfolioDetailsView.swift in Sources */ = {isa = PBXBuildFile; fileRef = 0FFC81FA2BC130C700783BCD /* PortfolioDetailsView.swift */; };
/* End PBXBuildFile section */

/* Begin PBXContainerItemProxy section */
		0FEA653F2BBA099700576B22 /* PBXContainerItemProxy */ = {
			isa = PBXContainerItemProxy;
			containerPortal = 0FEA65262BBA099500576B22 /* Project object */;
			proxyType = 1;
			remoteGlobalIDString = 0FEA652D2BBA099500576B22;
			remoteInfo = StockSearch;
		};
		0FEA65492BBA099700576B22 /* PBXContainerItemProxy */ = {
			isa = PBXContainerItemProxy;
			containerPortal = 0FEA65262BBA099500576B22 /* Project object */;
			proxyType = 1;
			remoteGlobalIDString = 0FEA652D2BBA099500576B22;
			remoteInfo = StockSearch;
		};
/* End PBXContainerItemProxy section */

/* Begin PBXFileReference section */
		0FB0EC442BC1C94200AA19C3 /* PortfolioListItemView.swift */ = {isa = PBXFileReference; lastKnownFileType = sourcecode.swift; path = PortfolioListItemView.swift; sourceTree = "<group>"; };
		0FB0EC462BC1CD3E00AA19C3 /* WatchlistListItemView.swift */ = {isa = PBXFileReference; lastKnownFileType = sourcecode.swift; path = WatchlistListItemView.swift; sourceTree = "<group>"; };
		0FB0EC492BC1D01F00AA19C3 /* StockDetailsView.swift */ = {isa = PBXFileReference; lastKnownFileType = sourcecode.swift; path = StockDetailsView.swift; sourceTree = "<group>"; };
		0FEA652E2BBA099500576B22 /* StockSearch.app */ = {isa = PBXFileReference; explicitFileType = wrapper.application; includeInIndex = 0; path = StockSearch.app; sourceTree = BUILT_PRODUCTS_DIR; };
		0FEA65312BBA099500576B22 /* StockSearchApp.swift */ = {isa = PBXFileReference; lastKnownFileType = sourcecode.swift; path = StockSearchApp.swift; sourceTree = "<group>"; };
		0FEA65332BBA099500576B22 /* HomeView.swift */ = {isa = PBXFileReference; lastKnownFileType = sourcecode.swift; path = HomeView.swift; sourceTree = "<group>"; };
		0FEA65352BBA099700576B22 /* Assets.xcassets */ = {isa = PBXFileReference; lastKnownFileType = folder.assetcatalog; path = Assets.xcassets; sourceTree = "<group>"; };
		0FEA65382BBA099700576B22 /* Preview Assets.xcassets */ = {isa = PBXFileReference; lastKnownFileType = folder.assetcatalog; path = "Preview Assets.xcassets"; sourceTree = "<group>"; };
		0FEA653E2BBA099700576B22 /* StockSearchTests.xctest */ = {isa = PBXFileReference; explicitFileType = wrapper.cfbundle; includeInIndex = 0; path = StockSearchTests.xctest; sourceTree = BUILT_PRODUCTS_DIR; };
		0FEA65422BBA099700576B22 /* StockSearchTests.swift */ = {isa = PBXFileReference; lastKnownFileType = sourcecode.swift; path = StockSearchTests.swift; sourceTree = "<group>"; };
		0FEA65482BBA099700576B22 /* StockSearchUITests.xctest */ = {isa = PBXFileReference; explicitFileType = wrapper.cfbundle; includeInIndex = 0; path = StockSearchUITests.xctest; sourceTree = BUILT_PRODUCTS_DIR; };
		0FEA654C2BBA099700576B22 /* StockSearchUITests.swift */ = {isa = PBXFileReference; lastKnownFileType = sourcecode.swift; path = StockSearchUITests.swift; sourceTree = "<group>"; };
		0FEA654E2BBA099700576B22 /* StockSearchUITestsLaunchTests.swift */ = {isa = PBXFileReference; lastKnownFileType = sourcecode.swift; path = StockSearchUITestsLaunchTests.swift; sourceTree = "<group>"; };
		0FF8C3AA2BBA1430008480B7 /* Stock.swift */ = {isa = PBXFileReference; lastKnownFileType = sourcecode.swift; path = Stock.swift; sourceTree = "<group>"; };
		0FF8C3AC2BBA18BF008480B7 /* StockViewModel.swift */ = {isa = PBXFileReference; lastKnownFileType = sourcecode.swift; path = StockViewModel.swift; sourceTree = "<group>"; };
		0FF8C3AE2BBA2E48008480B7 /* Watchlist.swift */ = {isa = PBXFileReference; lastKnownFileType = sourcecode.swift; path = Watchlist.swift; sourceTree = "<group>"; };
		0FF8C3B02BBA2FF0008480B7 /* Portfolio.swift */ = {isa = PBXFileReference; lastKnownFileType = sourcecode.swift; path = Portfolio.swift; sourceTree = "<group>"; };
		0FF8C3B22BBA9AED008480B7 /* WatchlistViewModel.swift */ = {isa = PBXFileReference; lastKnownFileType = sourcecode.swift; path = WatchlistViewModel.swift; sourceTree = "<group>"; };
		0FF8C3B42BBA9B00008480B7 /* PortfolioViewModel.swift */ = {isa = PBXFileReference; lastKnownFileType = sourcecode.swift; path = PortfolioViewModel.swift; sourceTree = "<group>"; };
		0FFC81FA2BC130C700783BCD /* PortfolioDetailsView.swift */ = {isa = PBXFileReference; lastKnownFileType = sourcecode.swift; path = PortfolioDetailsView.swift; sourceTree = "<group>"; };
/* End PBXFileReference section */

/* Begin PBXFrameworksBuildPhase section */
		0FEA652B2BBA099500576B22 /* Frameworks */ = {
			isa = PBXFrameworksBuildPhase;
			buildActionMask = 2147483647;
			files = (
			);
			runOnlyForDeploymentPostprocessing = 0;
		};
		0FEA653B2BBA099700576B22 /* Frameworks */ = {
			isa = PBXFrameworksBuildPhase;
			buildActionMask = 2147483647;
			files = (
			);
			runOnlyForDeploymentPostprocessing = 0;
		};
		0FEA65452BBA099700576B22 /* Frameworks */ = {
			isa = PBXFrameworksBuildPhase;
			buildActionMask = 2147483647;
			files = (
			);
			runOnlyForDeploymentPostprocessing = 0;
		};
/* End PBXFrameworksBuildPhase section */

/* Begin PBXGroup section */
		0FB0EC412BC1312400AA19C3 /* Watchlist */ = {
			isa = PBXGroup;
			children = (
				0FB0EC462BC1CD3E00AA19C3 /* WatchlistListItemView.swift */,
			);
			path = Watchlist;
			sourceTree = "<group>";
		};
		0FB0EC482BC1CFFD00AA19C3 /* Stock */ = {
			isa = PBXGroup;
			children = (
				0FB0EC492BC1D01F00AA19C3 /* StockDetailsView.swift */,
			);
			path = Stock;
			sourceTree = "<group>";
		};
		0FEA65252BBA099500576B22 = {
			isa = PBXGroup;
			children = (
				0FEA65302BBA099500576B22 /* StockSearch */,
				0FEA65412BBA099700576B22 /* StockSearchTests */,
				0FEA654B2BBA099700576B22 /* StockSearchUITests */,
				0FEA652F2BBA099500576B22 /* Products */,
			);
			sourceTree = "<group>";
		};
		0FEA652F2BBA099500576B22 /* Products */ = {
			isa = PBXGroup;
			children = (
				0FEA652E2BBA099500576B22 /* StockSearch.app */,
				0FEA653E2BBA099700576B22 /* StockSearchTests.xctest */,
				0FEA65482BBA099700576B22 /* StockSearchUITests.xctest */,
			);
			name = Products;
			sourceTree = "<group>";
		};
		0FEA65302BBA099500576B22 /* StockSearch */ = {
			isa = PBXGroup;
			children = (
				0FEA65312BBA099500576B22 /* StockSearchApp.swift */,
				0FEA65332BBA099500576B22 /* HomeView.swift */,
				0FF8C3B62BBAB386008480B7 /* Model */,
				0FFC81F62BC0F7F700783BCD /* ViewModel */,
				0FFC81F72BC109C300783BCD /* Views */,
				0FEA65352BBA099700576B22 /* Assets.xcassets */,
				0FEA65372BBA099700576B22 /* Preview Content */,
			);
			path = StockSearch;
			sourceTree = "<group>";
		};
		0FEA65372BBA099700576B22 /* Preview Content */ = {
			isa = PBXGroup;
			children = (
				0FEA65382BBA099700576B22 /* Preview Assets.xcassets */,
			);
			path = "Preview Content";
			sourceTree = "<group>";
		};
		0FEA65412BBA099700576B22 /* StockSearchTests */ = {
			isa = PBXGroup;
			children = (
				0FEA65422BBA099700576B22 /* StockSearchTests.swift */,
			);
			path = StockSearchTests;
			sourceTree = "<group>";
		};
		0FEA654B2BBA099700576B22 /* StockSearchUITests */ = {
			isa = PBXGroup;
			children = (
				0FEA654C2BBA099700576B22 /* StockSearchUITests.swift */,
				0FEA654E2BBA099700576B22 /* StockSearchUITestsLaunchTests.swift */,
			);
			path = StockSearchUITests;
			sourceTree = "<group>";
		};
		0FF8C3B62BBAB386008480B7 /* Model */ = {
			isa = PBXGroup;
			children = (
				0FF8C3AA2BBA1430008480B7 /* Stock.swift */,
				0FF8C3AE2BBA2E48008480B7 /* Watchlist.swift */,
				0FF8C3B02BBA2FF0008480B7 /* Portfolio.swift */,
			);
			path = Model;
			sourceTree = "<group>";
		};
		0FFC81F62BC0F7F700783BCD /* ViewModel */ = {
			isa = PBXGroup;
			children = (
				0FF8C3AC2BBA18BF008480B7 /* StockViewModel.swift */,
				0FF8C3B22BBA9AED008480B7 /* WatchlistViewModel.swift */,
				0FF8C3B42BBA9B00008480B7 /* PortfolioViewModel.swift */,
			);
			path = ViewModel;
			sourceTree = "<group>";
		};
		0FFC81F72BC109C300783BCD /* Views */ = {
			isa = PBXGroup;
			children = (
				0FB0EC482BC1CFFD00AA19C3 /* Stock */,
				0FB0EC412BC1312400AA19C3 /* Watchlist */,
				0FFC81FC2BC130F900783BCD /* Portfolio */,
			);
			path = Views;
			sourceTree = "<group>";
		};
		0FFC81FC2BC130F900783BCD /* Portfolio */ = {
			isa = PBXGroup;
			children = (
				0FFC81FA2BC130C700783BCD /* PortfolioDetailsView.swift */,
				0FB0EC442BC1C94200AA19C3 /* PortfolioListItemView.swift */,
			);
			path = Portfolio;
			sourceTree = "<group>";
		};
/* End PBXGroup section */

/* Begin PBXNativeTarget section */
		0FEA652D2BBA099500576B22 /* StockSearch */ = {
			isa = PBXNativeTarget;
			buildConfigurationList = 0FEA65522BBA099700576B22 /* Build configuration list for PBXNativeTarget "StockSearch" */;
			buildPhases = (
				0FEA652A2BBA099500576B22 /* Sources */,
				0FEA652B2BBA099500576B22 /* Frameworks */,
				0FEA652C2BBA099500576B22 /* Resources */,
			);
			buildRules = (
			);
			dependencies = (
			);
			name = StockSearch;
			productName = StockSearch;
			productReference = 0FEA652E2BBA099500576B22 /* StockSearch.app */;
			productType = "com.apple.product-type.application";
		};
		0FEA653D2BBA099700576B22 /* StockSearchTests */ = {
			isa = PBXNativeTarget;
			buildConfigurationList = 0FEA65552BBA099700576B22 /* Build configuration list for PBXNativeTarget "StockSearchTests" */;
			buildPhases = (
				0FEA653A2BBA099700576B22 /* Sources */,
				0FEA653B2BBA099700576B22 /* Frameworks */,
				0FEA653C2BBA099700576B22 /* Resources */,
			);
			buildRules = (
			);
			dependencies = (
				0FEA65402BBA099700576B22 /* PBXTargetDependency */,
			);
			name = StockSearchTests;
			productName = StockSearchTests;
			productReference = 0FEA653E2BBA099700576B22 /* StockSearchTests.xctest */;
			productType = "com.apple.product-type.bundle.unit-test";
		};
		0FEA65472BBA099700576B22 /* StockSearchUITests */ = {
			isa = PBXNativeTarget;
			buildConfigurationList = 0FEA65582BBA099700576B22 /* Build configuration list for PBXNativeTarget "StockSearchUITests" */;
			buildPhases = (
				0FEA65442BBA099700576B22 /* Sources */,
				0FEA65452BBA099700576B22 /* Frameworks */,
				0FEA65462BBA099700576B22 /* Resources */,
			);
			buildRules = (
			);
			dependencies = (
				0FEA654A2BBA099700576B22 /* PBXTargetDependency */,
			);
			name = StockSearchUITests;
			productName = StockSearchUITests;
			productReference = 0FEA65482BBA099700576B22 /* StockSearchUITests.xctest */;
			productType = "com.apple.product-type.bundle.ui-testing";
		};
/* End PBXNativeTarget section */

/* Begin PBXProject section */
		0FEA65262BBA099500576B22 /* Project object */ = {
			isa = PBXProject;
			attributes = {
				BuildIndependentTargetsInParallel = 1;
				LastSwiftUpdateCheck = 1530;
				LastUpgradeCheck = 1530;
				TargetAttributes = {
					0FEA652D2BBA099500576B22 = {
						CreatedOnToolsVersion = 15.3;
					};
					0FEA653D2BBA099700576B22 = {
						CreatedOnToolsVersion = 15.3;
						TestTargetID = 0FEA652D2BBA099500576B22;
					};
					0FEA65472BBA099700576B22 = {
						CreatedOnToolsVersion = 15.3;
						TestTargetID = 0FEA652D2BBA099500576B22;
					};
				};
			};
			buildConfigurationList = 0FEA65292BBA099500576B22 /* Build configuration list for PBXProject "StockSearch" */;
			compatibilityVersion = "Xcode 14.0";
			developmentRegion = en;
			hasScannedForEncodings = 0;
			knownRegions = (
				en,
				Base,
			);
			mainGroup = 0FEA65252BBA099500576B22;
			productRefGroup = 0FEA652F2BBA099500576B22 /* Products */;
			projectDirPath = "";
			projectRoot = "";
			targets = (
				0FEA652D2BBA099500576B22 /* StockSearch */,
				0FEA653D2BBA099700576B22 /* StockSearchTests */,
				0FEA65472BBA099700576B22 /* StockSearchUITests */,
			);
		};
/* End PBXProject section */

/* Begin PBXResourcesBuildPhase section */
		0FEA652C2BBA099500576B22 /* Resources */ = {
			isa = PBXResourcesBuildPhase;
			buildActionMask = 2147483647;
			files = (
				0FEA65392BBA099700576B22 /* Preview Assets.xcassets in Resources */,
				0FEA65362BBA099700576B22 /* Assets.xcassets in Resources */,
			);
			runOnlyForDeploymentPostprocessing = 0;
		};
		0FEA653C2BBA099700576B22 /* Resources */ = {
			isa = PBXResourcesBuildPhase;
			buildActionMask = 2147483647;
			files = (
			);
			runOnlyForDeploymentPostprocessing = 0;
		};
		0FEA65462BBA099700576B22 /* Resources */ = {
			isa = PBXResourcesBuildPhase;
			buildActionMask = 2147483647;
			files = (
			);
			runOnlyForDeploymentPostprocessing = 0;
		};
/* End PBXResourcesBuildPhase section */

/* Begin PBXSourcesBuildPhase section */
		0FEA652A2BBA099500576B22 /* Sources */ = {
			isa = PBXSourcesBuildPhase;
			buildActionMask = 2147483647;
			files = (
				0FFC81FB2BC130C700783BCD /* PortfolioDetailsView.swift in Sources */,
				0FF8C3B12BBA2FF0008480B7 /* Portfolio.swift in Sources */,
				0FB0EC4A2BC1D01F00AA19C3 /* StockDetailsView.swift in Sources */,
				0FB0EC452BC1C94200AA19C3 /* PortfolioListItemView.swift in Sources */,
				0FF8C3B32BBA9AED008480B7 /* WatchlistViewModel.swift in Sources */,
				0FEA65342BBA099500576B22 /* HomeView.swift in Sources */,
				0FEA65322BBA099500576B22 /* StockSearchApp.swift in Sources */,
				0FF8C3AB2BBA1430008480B7 /* Stock.swift in Sources */,
				0FF8C3B52BBA9B00008480B7 /* PortfolioViewModel.swift in Sources */,
				0FF8C3AF2BBA2E48008480B7 /* Watchlist.swift in Sources */,
				0FF8C3AD2BBA18BF008480B7 /* StockViewModel.swift in Sources */,
				0FB0EC472BC1CD3E00AA19C3 /* WatchlistListItemView.swift in Sources */,
			);
			runOnlyForDeploymentPostprocessing = 0;
		};
		0FEA653A2BBA099700576B22 /* Sources */ = {
			isa = PBXSourcesBuildPhase;
			buildActionMask = 2147483647;
			files = (
				0FEA65432BBA099700576B22 /* StockSearchTests.swift in Sources */,
			);
			runOnlyForDeploymentPostprocessing = 0;
		};
		0FEA65442BBA099700576B22 /* Sources */ = {
			isa = PBXSourcesBuildPhase;
			buildActionMask = 2147483647;
			files = (
				0FEA654D2BBA099700576B22 /* StockSearchUITests.swift in Sources */,
				0FEA654F2BBA099700576B22 /* StockSearchUITestsLaunchTests.swift in Sources */,
			);
			runOnlyForDeploymentPostprocessing = 0;
		};
/* End PBXSourcesBuildPhase section */

/* Begin PBXTargetDependency section */
		0FEA65402BBA099700576B22 /* PBXTargetDependency */ = {
			isa = PBXTargetDependency;
			target = 0FEA652D2BBA099500576B22 /* StockSearch */;
			targetProxy = 0FEA653F2BBA099700576B22 /* PBXContainerItemProxy */;
		};
		0FEA654A2BBA099700576B22 /* PBXTargetDependency */ = {
			isa = PBXTargetDependency;
			target = 0FEA652D2BBA099500576B22 /* StockSearch */;
			targetProxy = 0FEA65492BBA099700576B22 /* PBXContainerItemProxy */;
		};
/* End PBXTargetDependency section */

/* Begin XCBuildConfiguration section */
		0FEA65502BBA099700576B22 /* Debug */ = {
			isa = XCBuildConfiguration;
			buildSettings = {
				ALWAYS_SEARCH_USER_PATHS = NO;
				ASSETCATALOG_COMPILER_GENERATE_SWIFT_ASSET_SYMBOL_EXTENSIONS = YES;
				CLANG_ANALYZER_NONNULL = YES;
				CLANG_ANALYZER_NUMBER_OBJECT_CONVERSION = YES_AGGRESSIVE;
				CLANG_CXX_LANGUAGE_STANDARD = "gnu++20";
				CLANG_ENABLE_MODULES = YES;
				CLANG_ENABLE_OBJC_ARC = YES;
				CLANG_ENABLE_OBJC_WEAK = YES;
				CLANG_WARN_BLOCK_CAPTURE_AUTORELEASING = YES;
				CLANG_WARN_BOOL_CONVERSION = YES;
				CLANG_WARN_COMMA = YES;
				CLANG_WARN_CONSTANT_CONVERSION = YES;
				CLANG_WARN_DEPRECATED_OBJC_IMPLEMENTATIONS = YES;
				CLANG_WARN_DIRECT_OBJC_ISA_USAGE = YES_ERROR;
				CLANG_WARN_DOCUMENTATION_COMMENTS = YES;
				CLANG_WARN_EMPTY_BODY = YES;
				CLANG_WARN_ENUM_CONVERSION = YES;
				CLANG_WARN_INFINITE_RECURSION = YES;
				CLANG_WARN_INT_CONVERSION = YES;
				CLANG_WARN_NON_LITERAL_NULL_CONVERSION = YES;
				CLANG_WARN_OBJC_IMPLICIT_RETAIN_SELF = YES;
				CLANG_WARN_OBJC_LITERAL_CONVERSION = YES;
				CLANG_WARN_OBJC_ROOT_CLASS = YES_ERROR;
				CLANG_WARN_QUOTED_INCLUDE_IN_FRAMEWORK_HEADER = YES;
				CLANG_WARN_RANGE_LOOP_ANALYSIS = YES;
				CLANG_WARN_STRICT_PROTOTYPES = YES;
				CLANG_WARN_SUSPICIOUS_MOVE = YES;
				CLANG_WARN_UNGUARDED_AVAILABILITY = YES_AGGRESSIVE;
				CLANG_WARN_UNREACHABLE_CODE = YES;
				CLANG_WARN__DUPLICATE_METHOD_MATCH = YES;
				COPY_PHASE_STRIP = NO;
				DEBUG_INFORMATION_FORMAT = dwarf;
				ENABLE_STRICT_OBJC_MSGSEND = YES;
				ENABLE_TESTABILITY = YES;
				ENABLE_USER_SCRIPT_SANDBOXING = YES;
				GCC_C_LANGUAGE_STANDARD = gnu17;
				GCC_DYNAMIC_NO_PIC = NO;
				GCC_NO_COMMON_BLOCKS = YES;
				GCC_OPTIMIZATION_LEVEL = 0;
				GCC_PREPROCESSOR_DEFINITIONS = (
					"DEBUG=1",
					"$(inherited)",
				);
				GCC_WARN_64_TO_32_BIT_CONVERSION = YES;
				GCC_WARN_ABOUT_RETURN_TYPE = YES_ERROR;
				GCC_WARN_UNDECLARED_SELECTOR = YES;
				GCC_WARN_UNINITIALIZED_AUTOS = YES_AGGRESSIVE;
				GCC_WARN_UNUSED_FUNCTION = YES;
				GCC_WARN_UNUSED_VARIABLE = YES;
				IPHONEOS_DEPLOYMENT_TARGET = 17.4;
				LOCALIZATION_PREFERS_STRING_CATALOGS = YES;
				MTL_ENABLE_DEBUG_INFO = INCLUDE_SOURCE;
				MTL_FAST_MATH = YES;
				ONLY_ACTIVE_ARCH = YES;
				SDKROOT = iphoneos;
				SWIFT_ACTIVE_COMPILATION_CONDITIONS = "DEBUG $(inherited)";
				SWIFT_OPTIMIZATION_LEVEL = "-Onone";
			};
			name = Debug;
		};
		0FEA65512BBA099700576B22 /* Release */ = {
			isa = XCBuildConfiguration;
			buildSettings = {
				ALWAYS_SEARCH_USER_PATHS = NO;
				ASSETCATALOG_COMPILER_GENERATE_SWIFT_ASSET_SYMBOL_EXTENSIONS = YES;
				CLANG_ANALYZER_NONNULL = YES;
				CLANG_ANALYZER_NUMBER_OBJECT_CONVERSION = YES_AGGRESSIVE;
				CLANG_CXX_LANGUAGE_STANDARD = "gnu++20";
				CLANG_ENABLE_MODULES = YES;
				CLANG_ENABLE_OBJC_ARC = YES;
				CLANG_ENABLE_OBJC_WEAK = YES;
				CLANG_WARN_BLOCK_CAPTURE_AUTORELEASING = YES;
				CLANG_WARN_BOOL_CONVERSION = YES;
				CLANG_WARN_COMMA = YES;
				CLANG_WARN_CONSTANT_CONVERSION = YES;
				CLANG_WARN_DEPRECATED_OBJC_IMPLEMENTATIONS = YES;
				CLANG_WARN_DIRECT_OBJC_ISA_USAGE = YES_ERROR;
				CLANG_WARN_DOCUMENTATION_COMMENTS = YES;
				CLANG_WARN_EMPTY_BODY = YES;
				CLANG_WARN_ENUM_CONVERSION = YES;
				CLANG_WARN_INFINITE_RECURSION = YES;
				CLANG_WARN_INT_CONVERSION = YES;
				CLANG_WARN_NON_LITERAL_NULL_CONVERSION = YES;
				CLANG_WARN_OBJC_IMPLICIT_RETAIN_SELF = YES;
				CLANG_WARN_OBJC_LITERAL_CONVERSION = YES;
				CLANG_WARN_OBJC_ROOT_CLASS = YES_ERROR;
				CLANG_WARN_QUOTED_INCLUDE_IN_FRAMEWORK_HEADER = YES;
				CLANG_WARN_RANGE_LOOP_ANALYSIS = YES;
				CLANG_WARN_STRICT_PROTOTYPES = YES;
				CLANG_WARN_SUSPICIOUS_MOVE = YES;
				CLANG_WARN_UNGUARDED_AVAILABILITY = YES_AGGRESSIVE;
				CLANG_WARN_UNREACHABLE_CODE = YES;
				CLANG_WARN__DUPLICATE_METHOD_MATCH = YES;
				COPY_PHASE_STRIP = NO;
				DEBUG_INFORMATION_FORMAT = "dwarf-with-dsym";
				ENABLE_NS_ASSERTIONS = NO;
				ENABLE_STRICT_OBJC_MSGSEND = YES;
				ENABLE_USER_SCRIPT_SANDBOXING = YES;
				GCC_C_LANGUAGE_STANDARD = gnu17;
				GCC_NO_COMMON_BLOCKS = YES;
				GCC_WARN_64_TO_32_BIT_CONVERSION = YES;
				GCC_WARN_ABOUT_RETURN_TYPE = YES_ERROR;
				GCC_WARN_UNDECLARED_SELECTOR = YES;
				GCC_WARN_UNINITIALIZED_AUTOS = YES_AGGRESSIVE;
				GCC_WARN_UNUSED_FUNCTION = YES;
				GCC_WARN_UNUSED_VARIABLE = YES;
				IPHONEOS_DEPLOYMENT_TARGET = 17.4;
				LOCALIZATION_PREFERS_STRING_CATALOGS = YES;
				MTL_ENABLE_DEBUG_INFO = NO;
				MTL_FAST_MATH = YES;
				SDKROOT = iphoneos;
				SWIFT_COMPILATION_MODE = wholemodule;
				VALIDATE_PRODUCT = YES;
			};
			name = Release;
		};
		0FEA65532BBA099700576B22 /* Debug */ = {
			isa = XCBuildConfiguration;
			buildSettings = {
				ASSETCATALOG_COMPILER_APPICON_NAME = AppIcon;
				ASSETCATALOG_COMPILER_GLOBAL_ACCENT_COLOR_NAME = AccentColor;
				CODE_SIGN_STYLE = Automatic;
				CURRENT_PROJECT_VERSION = 1;
				DEVELOPMENT_ASSET_PATHS = "\"StockSearch/Preview Content\"";
				DEVELOPMENT_TEAM = QM3HQ9ZZJ7;
				ENABLE_PREVIEWS = YES;
				GENERATE_INFOPLIST_FILE = YES;
				INFOPLIST_KEY_UIApplicationSceneManifest_Generation = YES;
				INFOPLIST_KEY_UIApplicationSupportsIndirectInputEvents = YES;
				INFOPLIST_KEY_UILaunchScreen_Generation = YES;
				INFOPLIST_KEY_UISupportedInterfaceOrientations_iPad = "UIInterfaceOrientationPortrait UIInterfaceOrientationPortraitUpsideDown UIInterfaceOrientationLandscapeLeft UIInterfaceOrientationLandscapeRight";
				INFOPLIST_KEY_UISupportedInterfaceOrientations_iPhone = "UIInterfaceOrientationPortrait UIInterfaceOrientationLandscapeLeft UIInterfaceOrientationLandscapeRight";
				LD_RUNPATH_SEARCH_PATHS = (
					"$(inherited)",
					"@executable_path/Frameworks",
				);
				MARKETING_VERSION = 1.0;
				PRODUCT_BUNDLE_IDENTIFIER = mobolaji.StockSearch;
				PRODUCT_NAME = "$(TARGET_NAME)";
				SWIFT_EMIT_LOC_STRINGS = YES;
				SWIFT_VERSION = 5.0;
				TARGETED_DEVICE_FAMILY = "1,2";
			};
			name = Debug;
		};
		0FEA65542BBA099700576B22 /* Release */ = {
			isa = XCBuildConfiguration;
			buildSettings = {
				ASSETCATALOG_COMPILER_APPICON_NAME = AppIcon;
				ASSETCATALOG_COMPILER_GLOBAL_ACCENT_COLOR_NAME = AccentColor;
				CODE_SIGN_STYLE = Automatic;
				CURRENT_PROJECT_VERSION = 1;
				DEVELOPMENT_ASSET_PATHS = "\"StockSearch/Preview Content\"";
				DEVELOPMENT_TEAM = QM3HQ9ZZJ7;
				ENABLE_PREVIEWS = YES;
				GENERATE_INFOPLIST_FILE = YES;
				INFOPLIST_KEY_UIApplicationSceneManifest_Generation = YES;
				INFOPLIST_KEY_UIApplicationSupportsIndirectInputEvents = YES;
				INFOPLIST_KEY_UILaunchScreen_Generation = YES;
				INFOPLIST_KEY_UISupportedInterfaceOrientations_iPad = "UIInterfaceOrientationPortrait UIInterfaceOrientationPortraitUpsideDown UIInterfaceOrientationLandscapeLeft UIInterfaceOrientationLandscapeRight";
				INFOPLIST_KEY_UISupportedInterfaceOrientations_iPhone = "UIInterfaceOrientationPortrait UIInterfaceOrientationLandscapeLeft UIInterfaceOrientationLandscapeRight";
				LD_RUNPATH_SEARCH_PATHS = (
					"$(inherited)",
					"@executable_path/Frameworks",
				);
				MARKETING_VERSION = 1.0;
				PRODUCT_BUNDLE_IDENTIFIER = mobolaji.StockSearch;
				PRODUCT_NAME = "$(TARGET_NAME)";
				SWIFT_EMIT_LOC_STRINGS = YES;
				SWIFT_VERSION = 5.0;
				TARGETED_DEVICE_FAMILY = "1,2";
			};
			name = Release;
		};
		0FEA65562BBA099700576B22 /* Debug */ = {
			isa = XCBuildConfiguration;
			buildSettings = {
				ALWAYS_EMBED_SWIFT_STANDARD_LIBRARIES = YES;
				BUNDLE_LOADER = "$(TEST_HOST)";
				CODE_SIGN_STYLE = Automatic;
				CURRENT_PROJECT_VERSION = 1;
				DEVELOPMENT_TEAM = QM3HQ9ZZJ7;
				GENERATE_INFOPLIST_FILE = YES;
				IPHONEOS_DEPLOYMENT_TARGET = 17.4;
				MARKETING_VERSION = 1.0;
				PRODUCT_BUNDLE_IDENTIFIER = mobolaji.StockSearchTests;
				PRODUCT_NAME = "$(TARGET_NAME)";
				SWIFT_EMIT_LOC_STRINGS = NO;
				SWIFT_VERSION = 5.0;
				TARGETED_DEVICE_FAMILY = "1,2";
				TEST_HOST = "$(BUILT_PRODUCTS_DIR)/StockSearch.app/$(BUNDLE_EXECUTABLE_FOLDER_PATH)/StockSearch";
			};
			name = Debug;
		};
		0FEA65572BBA099700576B22 /* Release */ = {
			isa = XCBuildConfiguration;
			buildSettings = {
				ALWAYS_EMBED_SWIFT_STANDARD_LIBRARIES = YES;
				BUNDLE_LOADER = "$(TEST_HOST)";
				CODE_SIGN_STYLE = Automatic;
				CURRENT_PROJECT_VERSION = 1;
				DEVELOPMENT_TEAM = QM3HQ9ZZJ7;
				GENERATE_INFOPLIST_FILE = YES;
				IPHONEOS_DEPLOYMENT_TARGET = 17.4;
				MARKETING_VERSION = 1.0;
				PRODUCT_BUNDLE_IDENTIFIER = mobolaji.StockSearchTests;
				PRODUCT_NAME = "$(TARGET_NAME)";
				SWIFT_EMIT_LOC_STRINGS = NO;
				SWIFT_VERSION = 5.0;
				TARGETED_DEVICE_FAMILY = "1,2";
				TEST_HOST = "$(BUILT_PRODUCTS_DIR)/StockSearch.app/$(BUNDLE_EXECUTABLE_FOLDER_PATH)/StockSearch";
			};
			name = Release;
		};
		0FEA65592BBA099700576B22 /* Debug */ = {
			isa = XCBuildConfiguration;
			buildSettings = {
				ALWAYS_EMBED_SWIFT_STANDARD_LIBRARIES = YES;
				CODE_SIGN_STYLE = Automatic;
				CURRENT_PROJECT_VERSION = 1;
				DEVELOPMENT_TEAM = QM3HQ9ZZJ7;
				GENERATE_INFOPLIST_FILE = YES;
				MARKETING_VERSION = 1.0;
				PRODUCT_BUNDLE_IDENTIFIER = mobolaji.StockSearchUITests;
				PRODUCT_NAME = "$(TARGET_NAME)";
				SWIFT_EMIT_LOC_STRINGS = NO;
				SWIFT_VERSION = 5.0;
				TARGETED_DEVICE_FAMILY = "1,2";
				TEST_TARGET_NAME = StockSearch;
			};
			name = Debug;
		};
		0FEA655A2BBA099700576B22 /* Release */ = {
			isa = XCBuildConfiguration;
			buildSettings = {
				ALWAYS_EMBED_SWIFT_STANDARD_LIBRARIES = YES;
				CODE_SIGN_STYLE = Automatic;
				CURRENT_PROJECT_VERSION = 1;
				DEVELOPMENT_TEAM = QM3HQ9ZZJ7;
				GENERATE_INFOPLIST_FILE = YES;
				MARKETING_VERSION = 1.0;
				PRODUCT_BUNDLE_IDENTIFIER = mobolaji.StockSearchUITests;
				PRODUCT_NAME = "$(TARGET_NAME)";
				SWIFT_EMIT_LOC_STRINGS = NO;
				SWIFT_VERSION = 5.0;
				TARGETED_DEVICE_FAMILY = "1,2";
				TEST_TARGET_NAME = StockSearch;
			};
			name = Release;
		};
/* End XCBuildConfiguration section */

/* Begin XCConfigurationList section */
		0FEA65292BBA099500576B22 /* Build configuration list for PBXProject "StockSearch" */ = {
			isa = XCConfigurationList;
			buildConfigurations = (
				0FEA65502BBA099700576B22 /* Debug */,
				0FEA65512BBA099700576B22 /* Release */,
			);
			defaultConfigurationIsVisible = 0;
			defaultConfigurationName = Release;
		};
		0FEA65522BBA099700576B22 /* Build configuration list for PBXNativeTarget "StockSearch" */ = {
			isa = XCConfigurationList;
			buildConfigurations = (
				0FEA65532BBA099700576B22 /* Debug */,
				0FEA65542BBA099700576B22 /* Release */,
			);
			defaultConfigurationIsVisible = 0;
			defaultConfigurationName = Release;
		};
		0FEA65552BBA099700576B22 /* Build configuration list for PBXNativeTarget "StockSearchTests" */ = {
			isa = XCConfigurationList;
			buildConfigurations = (
				0FEA65562BBA099700576B22 /* Debug */,
				0FEA65572BBA099700576B22 /* Release */,
			);
			defaultConfigurationIsVisible = 0;
			defaultConfigurationName = Release;
		};
		0FEA65582BBA099700576B22 /* Build configuration list for PBXNativeTarget "StockSearchUITests" */ = {
			isa = XCConfigurationList;
			buildConfigurations = (
				0FEA65592BBA099700576B22 /* Debug */,
				0FEA655A2BBA099700576B22 /* Release */,
			);
			defaultConfigurationIsVisible = 0;
			defaultConfigurationName = Release;
		};
/* End XCConfigurationList section */
	};
	rootObject = 0FEA65262BBA099500576B22 /* Project object */;
}
